
Microsoft Visual Studio Solution File, Format Version 12.00
# Visual Studio 14
VisualStudioVersion = 14.0.25420.1
MinimumVisualStudioVersion = 10.0.40219.1
Project("{8BC9CEB8-8B4A-11D0-8D11-00A0C91BC942}") = "test-concurrency", "test-concurrency.vcxproj", "{7993514A-53AA-46D6-8FFF-44A5A064F926}"
EndProject
Project("{8BC9CEB8-8B4A-11D0-8D11-00A0C91BC942}") = "ProgressCounter", "..\..\..\..\projects\windows.msvs-2015\ProgressCounter.vcxproj", "{CDCC8DF5-E737-4D96-9F6C-E96B1F106B10}"
EndProject
Global
	GlobalSection(SolutionConfigurationPlatforms) = preSolution
		Debug|x64 = Debug|x64
		Debug|x86 = Debug|x86
		Release|x64 = Release|x64
		Release|x86 = Release|x86
	EndGlobalSection
	GlobalSection(ProjectConfigurationPlatforms) = postSolution
		{7993514A-53AA-46D6-8FFF-44A5A064F926}.Debug|x64.ActiveCfg = Debug|x64
		{7993514A-53AA-46D6-8FFF-44A5A064F926}.Debug|x64.Build.0 = Debug|x64
		{7993514A-53AA-46D6-8FFF-44A5A064F926}.Debug|x86.ActiveCfg = Debug|Win32
		{7993514A-53AA-46D6-8FFF-44A5A064F926}.Debug|x86.Build.0 = Debug|Win32
		{7993514A-53AA-46D6-8FFF-44A5A064F926}.Release|x64.ActiveCfg = Release|x64
		{7993514A-53AA-46D6-8FFF-44A5A064F926}.Release|x64.Build.0 = Release|x64
		{7993514A-53AA-46D6-8FFF-44A5A064F926}.Release|x86.ActiveCfg = Release|Win32
		{7993514A-53AA-46D6-8FFF-44A5A064F926}.Release|x86.Build.0 = Release|Win32
		{CDCC8DF5-E737-4D96-9F6C-E96B1F106B10}.Debug|x64.ActiveCfg = Debug|x64
		{CDCC8DF5-E737-4D96-9F6C-E96B1F106B10}.Debug|x64.Build.0 = Debug|x64
		{CDCC8DF5-E737-4D96-9F6C-E96B1F106B10}.Debug|x86.ActiveCfg = Debug|Win32
		{CDCC8DF5-E737-4D96-9F6C-E96B1F106B10}.Debug|x86.Build.0 = Debug|Win32
		{CDCC8DF5-E737-4D96-9F6C-E96B1F106B10}.Release|x64.ActiveCfg = Release|x64
		{CDCC8DF5-E737-4D96-9F6C-E96B1F106B10}.Release|x64.Build.0 = Release|x64
		{CDCC8DF5-E737-4D96-9F6C-E96B1F106B10}.Release|x86.ActiveCfg = Release|Win32
		{CDCC8DF5-E737-4D96-9F6C-E96B1F106B10}.Release|x86.Build.0 = Release|Win32
	EndGlobalSection
	GlobalSection(SolutionProperties) = preSolution
		HideSolutionNode = FALSE
	EndGlobalSection
EndGlobal
